
Microsoft Visual Studio Solution File, Format Version 12.00
# Visual Studio 15
Project("{FAE04EC0-301F-11D3-BF4B-00C04F79EFBC}") = "Assembly-CSharp", "Assembly-CSharp.csproj", "{0B02B07A-1FC7-E574-F84A-2F32922DC0EA}"
EndProject
Project("{FAE04EC0-301F-11D3-BF4B-00C04F79EFBC}") = "Assembly-CSharp-Editor", "Assembly-CSharp-Editor.csproj", "{6BB2DB2D-D2C9-9350-9479-5EBB82C24329}"
EndProject
Global
	GlobalSection(SolutionConfigurationPlatforms) = preSolution
		Debug|Any CPU = Debug|Any CPU
		Release|Any CPU = Release|Any CPU
	EndGlobalSection
	GlobalSection(ProjectConfigurationPlatforms) = postSolution
		{0B02B07A-1FC7-E574-F84A-2F32922DC0EA}.Debug|Any CPU.ActiveCfg = Debug|Any CPU
		{0B02B07A-1FC7-E574-F84A-2F32922DC0EA}.Debug|Any CPU.Build.0 = Debug|Any CPU
		{0B02B07A-1FC7-E574-F84A-2F32922DC0EA}.Release|Any CPU.ActiveCfg = Release|Any CPU
		{0B02B07A-1FC7-E574-F84A-2F32922DC0EA}.Release|Any CPU.Build.0 = Release|Any CPU
		{6BB2DB2D-D2C9-9350-9479-5EBB82C24329}.Debug|Any CPU.ActiveCfg = Debug|Any CPU
		{6BB2DB2D-D2C9-9350-9479-5EBB82C24329}.Debug|Any CPU.Build.0 = Debug|Any CPU
		{6BB2DB2D-D2C9-9350-9479-5EBB82C24329}.Release|Any CPU.ActiveCfg = Release|Any CPU
		{6BB2DB2D-D2C9-9350-9479-5EBB82C24329}.Release|Any CPU.Build.0 = Release|Any CPU
	EndGlobalSection
	GlobalSection(SolutionProperties) = preSolution
		HideSolutionNode = FALSE
	EndGlobalSection
EndGlobal
