
Microsoft Visual Studio Solution File, Format Version 12.00
# Visual Studio 15
Project("{FAE04EC0-301F-11D3-BF4B-00C04F79EFBC}") = "Assembly-CSharp", "Assembly-CSharp.csproj", "{AE9DB057-88A8-39BE-F108-313EC765EFBD}"
EndProject
Project("{FAE04EC0-301F-11D3-BF4B-00C04F79EFBC}") = "Assembly-CSharp-Editor", "Assembly-CSharp-Editor.csproj", "{F9995A85-4EEB-0B60-3E48-BF20F89E17FF}"
EndProject
Global
	GlobalSection(SolutionConfigurationPlatforms) = preSolution
		Debug|Any CPU = Debug|Any CPU
		Release|Any CPU = Release|Any CPU
	EndGlobalSection
	GlobalSection(ProjectConfigurationPlatforms) = postSolution
		{AE9DB057-88A8-39BE-F108-313EC765EFBD}.Debug|Any CPU.ActiveCfg = Debug|Any CPU
		{AE9DB057-88A8-39BE-F108-313EC765EFBD}.Debug|Any CPU.Build.0 = Debug|Any CPU
		{AE9DB057-88A8-39BE-F108-313EC765EFBD}.Release|Any CPU.ActiveCfg = Release|Any CPU
		{AE9DB057-88A8-39BE-F108-313EC765EFBD}.Release|Any CPU.Build.0 = Release|Any CPU
		{F9995A85-4EEB-0B60-3E48-BF20F89E17FF}.Debug|Any CPU.ActiveCfg = Debug|Any CPU
		{F9995A85-4EEB-0B60-3E48-BF20F89E17FF}.Debug|Any CPU.Build.0 = Debug|Any CPU
		{F9995A85-4EEB-0B60-3E48-BF20F89E17FF}.Release|Any CPU.ActiveCfg = Release|Any CPU
		{F9995A85-4EEB-0B60-3E48-BF20F89E17FF}.Release|Any CPU.Build.0 = Release|Any CPU
	EndGlobalSection
	GlobalSection(SolutionProperties) = preSolution
		HideSolutionNode = FALSE
	EndGlobalSection
EndGlobal
