
Microsoft Visual Studio Solution File, Format Version 12.00
# Visual Studio 15
Project("{FAE04EC0-301F-11D3-BF4B-00C04F79EFBC}") = "Assembly-CSharp", "Assembly-CSharp.csproj", "{7D129BFB-6D68-12E6-76AE-C61054F216DD}"
EndProject
Project("{FAE04EC0-301F-11D3-BF4B-00C04F79EFBC}") = "Assembly-CSharp-Editor", "Assembly-CSharp-Editor.csproj", "{FCDBD5AA-3D28-760D-9A5F-CD6D02CB7E5B}"
EndProject
Global
	GlobalSection(SolutionConfigurationPlatforms) = preSolution
		Debug|Any CPU = Debug|Any CPU
		Release|Any CPU = Release|Any CPU
	EndGlobalSection
	GlobalSection(ProjectConfigurationPlatforms) = postSolution
		{7D129BFB-6D68-12E6-76AE-C61054F216DD}.Debug|Any CPU.ActiveCfg = Debug|Any CPU
		{7D129BFB-6D68-12E6-76AE-C61054F216DD}.Debug|Any CPU.Build.0 = Debug|Any CPU
		{7D129BFB-6D68-12E6-76AE-C61054F216DD}.Release|Any CPU.ActiveCfg = Release|Any CPU
		{7D129BFB-6D68-12E6-76AE-C61054F216DD}.Release|Any CPU.Build.0 = Release|Any CPU
		{FCDBD5AA-3D28-760D-9A5F-CD6D02CB7E5B}.Debug|Any CPU.ActiveCfg = Debug|Any CPU
		{FCDBD5AA-3D28-760D-9A5F-CD6D02CB7E5B}.Debug|Any CPU.Build.0 = Debug|Any CPU
		{FCDBD5AA-3D28-760D-9A5F-CD6D02CB7E5B}.Release|Any CPU.ActiveCfg = Release|Any CPU
		{FCDBD5AA-3D28-760D-9A5F-CD6D02CB7E5B}.Release|Any CPU.Build.0 = Release|Any CPU
	EndGlobalSection
	GlobalSection(SolutionProperties) = preSolution
		HideSolutionNode = FALSE
	EndGlobalSection
EndGlobal
